// !$*UTF8*$!
{
	"archiveVersion" = "1";
	"classes" = {
	};
	"objectVersion" = "77";
	"objects" = {
		"000000000000000000000001" = {
			"isa" = "PBXFileReference";
			"lastKnownFileType" = "sourcecode.swift";
			"path" = "PausePalApp.swift";
			"sourceTree" = "<group>";
		};
		"000000000000000000000002" = {
			"isa" = "PBXFileReference";
			"lastKnownFileType" = "sourcecode.swift";
			"path" = "ContentView.swift";
			"sourceTree" = "<group>";
		};
		"000000000000000000000003" = {
			"isa" = "PBXFileReference";
			"lastKnownFileType" = "folder.assetcatalog";
			"path" = "Assets.xcassets";
			"sourceTree" = "<group>";
		};
		"000000000000000000000004" = {
			"isa" = "PBXFileReference";
			"explicitFileType" = "wrapper.application";
			"includeInIndex" = "0";
			"path" = "PausePal.app";
			"sourceTree" = "BUILT_PRODUCTS_DIR";
		};
		"000000000000000000000005" = {
			"isa" = "PBXBuildFile";
			"fileRef" = "000000000000000000000001";
		};
		"000000000000000000000006" = {
			"isa" = "PBXBuildFile";
			"fileRef" = "000000000000000000000002";
		};
		"000000000000000000000007" = {
			"isa" = "PBXBuildFile";
			"fileRef" = "000000000000000000000003";
		};
		"000000000000000000000008" = {
			"isa" = "PBXSourcesBuildPhase";
			"buildActionMask" = "2147483647";
			"files" = ("000000000000000000000005", "000000000000000000000006");
			"runOnlyForDeploymentPostprocessing" = "0";
		};
		"000000000000000000000009" = {
			"isa" = "PBXResourcesBuildPhase";
			"buildActionMask" = "2147483647";
			"files" = ("000000000000000000000007");
			"runOnlyForDeploymentPostprocessing" = "0";
		};
		"00000000000000000000000A" = {
			"isa" = "PBXFrameworksBuildPhase";
			"buildActionMask" = "2147483647";
			"files" = ();
			"runOnlyForDeploymentPostprocessing" = "0";
		};
		"00000000000000000000000B" = {
			"isa" = "PBXGroup";
			"children" = ("000000000000000000000001", "000000000000000000000002", "000000000000000000000003", "A38C455A15F549519B79D001");
			"path" = "PausePal";
			"sourceTree" = "<group>";
		};
		"00000000000000000000000C" = {
			"isa" = "PBXGroup";
			"children" = ("000000000000000000000004");
			"name" = "Products";
			"sourceTree" = "<group>";
		};
		"00000000000000000000000D" = {
			"isa" = "PBXGroup";
			"children" = ("00000000000000000000000B", "00000000000000000000000C");
			"sourceTree" = "<group>";
		};
		"00000000000000000000000E" = {
			"isa" = "XCBuildConfiguration";
			"name" = "Debug";
			"buildSettings" = {
				"CLANG_ENABLE_MODULES" = "YES";
				"CLANG_ENABLE_OBJC_ARC" = "YES";
				"ENABLE_TESTABILITY" = "YES";
				"IPHONEOS_DEPLOYMENT_TARGET" = "17.0";
				"ONLY_ACTIVE_ARCH" = "YES";
				"SDKROOT" = "iphoneos";
				"SWIFT_ACTIVE_COMPILATION_CONDITIONS" = "DEBUG $(inherited)";
				"SWIFT_OPTIMIZATION_LEVEL" = "-Onone";
				"SWIFT_VERSION" = "5.0";
			};
		};
		"00000000000000000000000F" = {
			"isa" = "XCBuildConfiguration";
			"name" = "Release";
			"buildSettings" = {
				"CLANG_ENABLE_MODULES" = "YES";
				"CLANG_ENABLE_OBJC_ARC" = "YES";
				"IPHONEOS_DEPLOYMENT_TARGET" = "17.0";
				"SDKROOT" = "iphoneos";
				"SWIFT_COMPILATION_MODE" = "wholemodule";
				"SWIFT_OPTIMIZATION_LEVEL" = "-O";
				"SWIFT_VERSION" = "5.0";
			};
		};
		"000000000000000000000010" = {
			"isa" = "XCConfigurationList";
			"buildConfigurations" = ("00000000000000000000000E", "00000000000000000000000F");
			"defaultConfigurationIsVisible" = "0";
			"defaultConfigurationName" = "Release";
		};
		"000000000000000000000011" = {
			"isa" = "XCBuildConfiguration";
			"name" = "Debug";
			"buildSettings" = {
				"CODE_SIGN_STYLE" = "Automatic";
				"CURRENT_PROJECT_VERSION" = "1";
				"GENERATE_INFOPLIST_FILE" = "YES";
				"INFOPLIST_KEY_UIApplicationSceneManifest_Generation" = "YES";
				"INFOPLIST_KEY_UILaunchScreen_Generation" = "YES";
				"INFOPLIST_KEY_UISupportedInterfaceOrientations" = "UIInterfaceOrientationPortrait";
				"LD_RUNPATH_SEARCH_PATHS" = ("$(inherited)", "@executable_path/Frameworks");
				"MARKETING_VERSION" = "1.0";
				"PRODUCT_BUNDLE_IDENTIFIER" = "au.edu.uts.zhengyangyu.PausePal";
				"PRODUCT_NAME" = "$(TARGET_NAME)";
				"SUPPORTED_PLATFORMS" = "iphoneos iphonesimulator";
				"TARGETED_DEVICE_FAMILY" = "1";
			};
		};
		"000000000000000000000012" = {
			"isa" = "XCBuildConfiguration";
			"name" = "Release";
			"buildSettings" = {
				"CODE_SIGN_STYLE" = "Automatic";
				"CURRENT_PROJECT_VERSION" = "1";
				"GENERATE_INFOPLIST_FILE" = "YES";
				"INFOPLIST_KEY_UIApplicationSceneManifest_Generation" = "YES";
				"INFOPLIST_KEY_UILaunchScreen_Generation" = "YES";
				"INFOPLIST_KEY_UISupportedInterfaceOrientations" = "UIInterfaceOrientationPortrait";
				"LD_RUNPATH_SEARCH_PATHS" = ("$(inherited)", "@executable_path/Frameworks");
				"MARKETING_VERSION" = "1.0";
				"PRODUCT_BUNDLE_IDENTIFIER" = "au.edu.uts.zhengyangyu.PausePal";
				"PRODUCT_NAME" = "$(TARGET_NAME)";
				"SUPPORTED_PLATFORMS" = "iphoneos iphonesimulator";
				"TARGETED_DEVICE_FAMILY" = "1";
			};
		};
		"000000000000000000000013" = {
			"isa" = "XCConfigurationList";
			"buildConfigurations" = ("000000000000000000000011", "000000000000000000000012");
			"defaultConfigurationIsVisible" = "0";
			"defaultConfigurationName" = "Release";
		};
		"000000000000000000000014" = {
			"isa" = "PBXNativeTarget";
			"buildConfigurationList" = "000000000000000000000013";
			"buildPhases" = ("000000000000000000000008", "00000000000000000000000A", "000000000000000000000009");
			"buildRules" = ();
			"dependencies" = ();
			"fileSystemSynchronizedGroups" = ("A38C455A15F549519B79D001");
			"name" = "PausePal";
			"productName" = "PausePal";
			"productReference" = "000000000000000000000004";
			"productType" = "com.apple.product-type.application";
		};
		"000000000000000000000015" = {
			"isa" = "PBXProject";
			"attributes" = {
				"BuildIndependentTargetsInParallel" = "YES";
				"LastUpgradeCheck" = "1600";
			};
			"buildConfigurationList" = "000000000000000000000010";
			"compatibilityVersion" = "Xcode 14.0";
			"developmentRegion" = "en";
			"hasScannedForEncodings" = "0";
			"knownRegions" = ("en", "Base");
			"mainGroup" = "00000000000000000000000D";
			"productRefGroup" = "00000000000000000000000C";
			"projectDirPath" = "";
			"projectRoot" = "";
			"targets" = ("000000000000000000000014");
		};
		"A38C455A15F549519B79D001" = {
			"isa" = "PBXFileSystemSynchronizedRootGroup";
			"path" = "Domain";
			"sourceTree" = "<group>";
		};
	};
	"rootObject" = "000000000000000000000015";
}
